
Microsoft Visual Studio Solution File, Format Version 12.00
# Visual Studio Version 17
VisualStudioVersion = 17.5.002.0
MinimumVisualStudioVersion = 10.0.40219.1
Project("{9A19103F-16F7-4668-BE54-9A1E7A4F7556}") = "SavePointTests", "SavePointTests.csproj", "{DD4033F4-BBE4-44B6-BEB9-8EDBA2E0A7E9}"
EndProject
Global
	GlobalSection(SolutionConfigurationPlatforms) = preSolution
		Debug|Any CPU = Debug|Any CPU
		Release|Any CPU = Release|Any CPU
	EndGlobalSection
	GlobalSection(ProjectConfigurationPlatforms) = postSolution
		{DD4033F4-BBE4-44B6-BEB9-8EDBA2E0A7E9}.Debug|Any CPU.ActiveCfg = Debug|Any CPU
		{DD4033F4-BBE4-44B6-BEB9-8EDBA2E0A7E9}.Debug|Any CPU.Build.0 = Debug|Any CPU
		{DD4033F4-BBE4-44B6-BEB9-8EDBA2E0A7E9}.Release|Any CPU.ActiveCfg = Release|Any CPU
		{DD4033F4-BBE4-44B6-BEB9-8EDBA2E0A7E9}.Release|Any CPU.Build.0 = Release|Any CPU
	EndGlobalSection
	GlobalSection(SolutionProperties) = preSolution
		HideSolutionNode = FALSE
	EndGlobalSection
	GlobalSection(ExtensibilityGlobals) = postSolution
		SolutionGuid = {A1AD1619-F713-40C6-9FEA-CD96149C6F0A}
	EndGlobalSection
EndGlobal
