
Microsoft Visual Studio Solution File, Format Version 12.00
# Visual Studio Version 17
VisualStudioVersion = 17.5.002.0
MinimumVisualStudioVersion = 10.0.40219.1
Project("{9A19103F-16F7-4668-BE54-9A1E7A4F7556}") = "SavePointAPI", "SavePointAPI.csproj", "{0DA78D6A-4E26-415D-B5EA-7831B2C16DDB}"
EndProject
Global
	GlobalSection(SolutionConfigurationPlatforms) = preSolution
		Debug|Any CPU = Debug|Any CPU
		Release|Any CPU = Release|Any CPU
	EndGlobalSection
	GlobalSection(ProjectConfigurationPlatforms) = postSolution
		{0DA78D6A-4E26-415D-B5EA-7831B2C16DDB}.Debug|Any CPU.ActiveCfg = Debug|Any CPU
		{0DA78D6A-4E26-415D-B5EA-7831B2C16DDB}.Debug|Any CPU.Build.0 = Debug|Any CPU
		{0DA78D6A-4E26-415D-B5EA-7831B2C16DDB}.Release|Any CPU.ActiveCfg = Release|Any CPU
		{0DA78D6A-4E26-415D-B5EA-7831B2C16DDB}.Release|Any CPU.Build.0 = Release|Any CPU
	EndGlobalSection
	GlobalSection(SolutionProperties) = preSolution
		HideSolutionNode = FALSE
	EndGlobalSection
	GlobalSection(ExtensibilityGlobals) = postSolution
		SolutionGuid = {520F6095-BCAB-449A-B130-C7A113027B78}
	EndGlobalSection
EndGlobal
